
Microsoft Visual Studio Solution File, Format Version 12.00
# Visual Studio 15
VisualStudioVersion = 15.0.27130.2010
MinimumVisualStudioVersion = 10.0.40219.1
Project("{FAE04EC0-301F-11D3-BF4B-00C04F79EFBC}") = "HOSTEDSERVICE", "HOSTEDSERVICE\HOSTEDSERVICE.csproj", "{A8F18932-7D42-4CC6-91FA-DD4F93F1EE4A}"
EndProject
Project("{FAE04EC0-301F-11D3-BF4B-00C04F79EFBC}") = "SERVICEPROVIDER", "SERVICEPROVIDER\SERVICEPROVIDER.csproj", "{B14F60D8-931A-405B-88AE-34CD27D30F42}"
EndProject
Project("{FAE04EC0-301F-11D3-BF4B-00C04F79EFBC}") = "DB", "DB\DB.csproj", "{71084A4E-5031-46D7-A54F-F0A02964381C}"
EndProject
Project("{FAE04EC0-301F-11D3-BF4B-00C04F79EFBC}") = "DOMAIN", "DOMAIN\DOMAIN.csproj", "{99144174-B1AD-4BFB-89AF-F58D493020FE}"
EndProject
Global
	GlobalSection(SolutionConfigurationPlatforms) = preSolution
		Debug|Any CPU = Debug|Any CPU
		Release|Any CPU = Release|Any CPU
	EndGlobalSection
	GlobalSection(ProjectConfigurationPlatforms) = postSolution
		{A8F18932-7D42-4CC6-91FA-DD4F93F1EE4A}.Debug|Any CPU.ActiveCfg = Debug|Any CPU
		{A8F18932-7D42-4CC6-91FA-DD4F93F1EE4A}.Debug|Any CPU.Build.0 = Debug|Any CPU
		{A8F18932-7D42-4CC6-91FA-DD4F93F1EE4A}.Release|Any CPU.ActiveCfg = Release|Any CPU
		{A8F18932-7D42-4CC6-91FA-DD4F93F1EE4A}.Release|Any CPU.Build.0 = Release|Any CPU
		{B14F60D8-931A-405B-88AE-34CD27D30F42}.Debug|Any CPU.ActiveCfg = Debug|Any CPU
		{B14F60D8-931A-405B-88AE-34CD27D30F42}.Debug|Any CPU.Build.0 = Debug|Any CPU
		{B14F60D8-931A-405B-88AE-34CD27D30F42}.Release|Any CPU.ActiveCfg = Release|Any CPU
		{B14F60D8-931A-405B-88AE-34CD27D30F42}.Release|Any CPU.Build.0 = Release|Any CPU
		{71084A4E-5031-46D7-A54F-F0A02964381C}.Debug|Any CPU.ActiveCfg = Debug|Any CPU
		{71084A4E-5031-46D7-A54F-F0A02964381C}.Debug|Any CPU.Build.0 = Debug|Any CPU
		{71084A4E-5031-46D7-A54F-F0A02964381C}.Release|Any CPU.ActiveCfg = Release|Any CPU
		{71084A4E-5031-46D7-A54F-F0A02964381C}.Release|Any CPU.Build.0 = Release|Any CPU
		{99144174-B1AD-4BFB-89AF-F58D493020FE}.Debug|Any CPU.ActiveCfg = Debug|Any CPU
		{99144174-B1AD-4BFB-89AF-F58D493020FE}.Debug|Any CPU.Build.0 = Debug|Any CPU
		{99144174-B1AD-4BFB-89AF-F58D493020FE}.Release|Any CPU.ActiveCfg = Release|Any CPU
		{99144174-B1AD-4BFB-89AF-F58D493020FE}.Release|Any CPU.Build.0 = Release|Any CPU
	EndGlobalSection
	GlobalSection(SolutionProperties) = preSolution
		HideSolutionNode = FALSE
	EndGlobalSection
	GlobalSection(ExtensibilityGlobals) = postSolution
		SolutionGuid = {AC7C8991-E8FC-45B3-8EEE-3A3EFA62D079}
	EndGlobalSection
EndGlobal
